
Microsoft Visual Studio Solution File, Format Version 12.00
# Visual Studio Version 17
VisualStudioVersion = 17.0.32014.148
MinimumVisualStudioVersion = 10.0.40219.1
Project("{9A19103F-16F7-4668-BE54-9A1E7A4F7556}") = "OrderManagementApi", "OrderManagementApi\OrderManagementApi.csproj", "{B9EE8325-B6BE-48E4-B074-D18BE4E6C94B}"
EndProject
Project("{FAE04EC0-301F-11D3-BF4B-00C04F79EFBC}") = "SampleOutboxPattern.API", "..\SampleOutboxPattern.API\SampleOutboxPattern.API.csproj", "{44132B48-F00A-44A4-929B-EB12F29E4892}"
EndProject
Global
	GlobalSection(SolutionConfigurationPlatforms) = preSolution
		Debug|Any CPU = Debug|Any CPU
		Release|Any CPU = Release|Any CPU
	EndGlobalSection
	GlobalSection(ProjectConfigurationPlatforms) = postSolution
		{B9EE8325-B6BE-48E4-B074-D18BE4E6C94B}.Debug|Any CPU.ActiveCfg = Debug|Any CPU
		{B9EE8325-B6BE-48E4-B074-D18BE4E6C94B}.Debug|Any CPU.Build.0 = Debug|Any CPU
		{B9EE8325-B6BE-48E4-B074-D18BE4E6C94B}.Release|Any CPU.ActiveCfg = Release|Any CPU
		{B9EE8325-B6BE-48E4-B074-D18BE4E6C94B}.Release|Any CPU.Build.0 = Release|Any CPU
		{44132B48-F00A-44A4-929B-EB12F29E4892}.Debug|Any CPU.ActiveCfg = Debug|Any CPU
		{44132B48-F00A-44A4-929B-EB12F29E4892}.Debug|Any CPU.Build.0 = Debug|Any CPU
		{44132B48-F00A-44A4-929B-EB12F29E4892}.Release|Any CPU.ActiveCfg = Release|Any CPU
		{44132B48-F00A-44A4-929B-EB12F29E4892}.Release|Any CPU.Build.0 = Release|Any CPU
	EndGlobalSection
	GlobalSection(SolutionProperties) = preSolution
		HideSolutionNode = FALSE
	EndGlobalSection
	GlobalSection(ExtensibilityGlobals) = postSolution
		SolutionGuid = {4EB7831A-3DF5-4575-9B0F-2DFBCAF4FDB0}
	EndGlobalSection
EndGlobal
